[[package]]
name = "api-client"
version = "1.3.1"
description = "Separate the high level client implementation from the underlying CRUD."
category = "main"
optional = false
python-versions = ">=3.6"

[package.dependencies]
requests = ">=2.16"
tenacity = ">=5.1.0"

[package.extras]
deploy = ["requests", "twine"]
dev = ["pytest", "pytest-env", "pytest-cov", "vcrpy", "requests-mock", "flake8", "flake8-docstrings", "black", "isort", "ipdb"]
docs = ["pytest", "pytest-env", "pytest-cov", "vcrpy", "requests-mock", "flake8", "flake8-docstrings", "black", "isort", "ipdb"]
lint = ["flake8", "flake8-docstrings", "black", "isort"]
test = ["pytest", "pytest-env", "pytest-cov", "vcrpy", "requests-mock"]

[[package]]
name = "appnope"
version = "0.1.3"
description = "Disable App Nap on macOS >= 10.9"
category = "dev"
optional = false
python-versions = "*"

[[package]]
name = "asgiref"
version = "3.7.2"
description = "ASGI specs, helper code, and adapters"
category = "main"
optional = false
python-versions = ">=3.7"

[package.dependencies]
typing-extensions = {version = ">=4", markers = "python_version < \"3.11\""}

[package.extras]
tests = ["pytest", "pytest-asyncio", "mypy (>=0.800)"]

[[package]]
name = "asttokens"
version = "2.4.1"
description = "Annotate AST trees with source code positions"
category = "dev"
optional = false
python-versions = "*"

[package.dependencies]
six = ">=1.12.0"

[package.extras]
astroid = ["astroid (>=1,<2)", "astroid (>=2,<4)"]
test = ["pytest", "astroid (>=1,<2)", "astroid (>=2,<4)"]

[[package]]
name = "async-timeout"
version = "4.0.3"
description = "Timeout context manager for asyncio programs"
category = "main"
optional = false
python-versions = ">=3.7"

[[package]]
name = "atomicwrites"
version = "1.4.1"
description = "Atomic file writes."
category = "dev"
optional = false
python-versions = ">=2.7, !=3.0.*, !=3.1.*, !=3.2.*, !=3.3.*"

[[package]]
name = "attrs"
version = "23.1.0"
description = "Classes Without Boilerplate"
category = "dev"
optional = false
python-versions = ">=3.7"

[package.extras]
cov = ["attrs", "coverage[toml] (>=5.3)"]
dev = ["attrs", "pre-commit"]
docs = ["furo", "myst-parser", "sphinx", "sphinx-notfound-page", "sphinxcontrib-towncrier", "towncrier", "zope-interface"]
tests = ["attrs", "zope-interface"]
tests-no-zope = ["cloudpickle", "hypothesis", "mypy (>=1.1.1)", "pympler", "pytest-mypy-plugins", "pytest-xdist", "pytest (>=4.3.0)"]

[[package]]
name = "backcall"
version = "0.2.0"
description = "Specifications for callback functions passed in to an API"
category = "dev"
optional = false
python-versions = "*"

[[package]]
name = "beautifulsoup4"
version = "4.12.2"
description = "Screen-scraping library"
category = "dev"
optional = false
python-versions = ">=3.6.0"

[package.dependencies]
soupsieve = ">1.2"

[package.extras]
html5lib = ["html5lib"]
lxml = ["lxml"]

[[package]]
name = "behave"
version = "1.2.6"
description = "behave is behaviour-driven development, Python style"
category = "dev"
optional = false
python-versions = ">=2.6, !=3.0.*, !=3.1.*, !=3.2.*"

[package.dependencies]
parse = ">=1.8.2"
parse-type = ">=0.4.2"
six = ">=1.11"

[package.extras]
develop = ["coverage", "pytest (>=3.0)", "pytest-cov", "tox", "invoke (>=0.21.0)", "path.py (>=8.1.2)", "pycmd", "pathlib", "modernize (>=0.5)", "pylint"]
docs = ["sphinx (>=1.6)", "sphinx-bootstrap-theme (>=0.6)"]

[[package]]
name = "behave-django"
version = "1.4.0"
description = "Behave BDD integration for Django"
category = "dev"
optional = false
python-versions = "*"

[package.dependencies]
beautifulsoup4 = "*"
behave = "*"

[[package]]
name = "black"
version = "23.11.0"
description = "The uncompromising code formatter."
category = "dev"
optional = false
python-versions = ">=3.8"

[package.dependencies]
click = ">=8.0.0"
mypy-extensions = ">=0.4.3"
packaging = ">=22.0"
pathspec = ">=0.9.0"
platformdirs = ">=2"
tomli = {version = ">=1.1.0", markers = "python_version < \"3.11\""}
typing-extensions = {version = ">=4.0.1", markers = "python_version < \"3.11\""}

[package.extras]
colorama = ["colorama (>=0.4.3)"]
d = ["aiohttp (>=3.7.4)"]
jupyter = ["ipython (>=7.8.0)", "tokenize-rt (>=3.2.0)"]
uvloop = ["uvloop (>=0.15.2)"]

[[package]]
name = "boto3"
version = "1.17.89"
description = "The AWS SDK for Python"
category = "main"
optional = false
python-versions = ">= 2.7, !=3.0.*, !=3.1.*, !=3.2.*, !=3.3.*, !=3.4.*, !=3.5.*"

[package.dependencies]
botocore = ">=1.20.89,<1.21.0"
jmespath = ">=0.7.1,<1.0.0"
s3transfer = ">=0.4.0,<0.5.0"

[[package]]
name = "botocore"
version = "1.20.112"
description = "Low-level, data-driven core of boto 3."
category = "main"
optional = false
python-versions = ">= 2.7, !=3.0.*, !=3.1.*, !=3.2.*, !=3.3.*, !=3.4.*, !=3.5.*"

[package.dependencies]
jmespath = ">=0.7.1,<1.0.0"
python-dateutil = ">=2.1,<3.0.0"
urllib3 = ">=1.25.4,<1.27"

[package.extras]
crt = ["awscrt (==0.11.24)"]

[[package]]
name = "build"
version = "1.0.3"
description = "A simple, correct Python build frontend"
category = "dev"
optional = false
python-versions = ">= 3.7"

[package.dependencies]
colorama = {version = "*", markers = "os_name == \"nt\""}
importlib-metadata = {version = ">=4.6", markers = "python_version < \"3.10\""}
packaging = ">=19.0"
pyproject_hooks = "*"
tomli = {version = ">=1.1.0", markers = "python_version < \"3.11\""}

[package.extras]
docs = ["furo (>=2023.08.17)", "sphinx (>=7.0,<8.0)", "sphinx-argparse-cli (>=1.5)", "sphinx-autodoc-typehints (>=1.10)", "sphinx-issues (>=3.0.0)"]
test = ["filelock (>=3)", "pytest (>=6.2.4)", "pytest-cov (>=2.12)", "pytest-mock (>=2)", "pytest-rerunfailures (>=9.1)", "pytest-xdist (>=1.34)", "wheel (>=0.36.0)", "setuptools (>=42.0.0)", "setuptools (>=56.0.0)", "setuptools (>=56.0.0)", "setuptools (>=67.8.0)"]
typing = ["importlib-metadata (>=5.1)", "mypy (>=1.5.0,<1.6.0)", "tomli", "typing-extensions (>=3.7.4.3)"]
virtualenv = ["virtualenv (>=20.0.35)"]

[[package]]
name = "certifi"
version = "2023.7.22"
description = "Python package for providing Mozilla's CA Bundle."
category = "main"
optional = false
python-versions = ">=3.6"

[[package]]
name = "cfgv"
version = "3.4.0"
description = "Validate configuration and produce human readable error messages."
category = "dev"
optional = false
python-versions = ">=3.8"

[[package]]
name = "charset-normalizer"
version = "3.3.2"
description = "The Real First Universal Charset Detector. Open, modern and actively maintained alternative to Chardet."
category = "main"
optional = false
python-versions = ">=3.7.0"

[[package]]
name = "click"
version = "8.1.7"
description = "Composable command line interface toolkit"
category = "dev"
optional = false
python-versions = ">=3.7"

[package.dependencies]
colorama = {version = "*", markers = "platform_system == \"Windows\""}

[[package]]
name = "codecov"
version = "2.1.13"
description = "Hosted coverage reports for GitHub, Bitbucket and Gitlab"
category = "dev"
optional = false
python-versions = ">=2.7, !=3.0.*, !=3.1.*, !=3.2.*, !=3.3.*"

[package.dependencies]
coverage = "*"
requests = ">=2.7.9"

[[package]]
name = "colorama"
version = "0.4.6"
description = "Cross-platform colored terminal text."
category = "dev"
optional = false
python-versions = "!=3.0.*,!=3.1.*,!=3.2.*,!=3.3.*,!=3.4.*,!=3.5.*,!=3.6.*,>=2.7"

[[package]]
name = "contourpy"
version = "1.1.0"
description = "Python library for calculating contours of 2D quadrilateral grids"
category = "dev"
optional = false
python-versions = ">=3.8"

[package.dependencies]
numpy = ">=1.16"

[package.extras]
docs = ["furo", "sphinx-copybutton"]
bokeh = ["bokeh", "selenium"]
mypy = ["contourpy", "docutils-stubs", "mypy (==1.2.0)", "types-pillow"]
test = ["contourpy", "matplotlib", "pillow"]
test-no-images = ["pytest", "pytest-cov", "wurlitzer"]

[[package]]
name = "contourpy"
version = "1.1.1"
description = "Python library for calculating contours of 2D quadrilateral grids"
category = "dev"
optional = false
python-versions = ">=3.8"

[package.dependencies]
numpy = {version = ">=1.16,<2.0", markers = "python_version <= \"3.11\""}

[package.extras]
docs = ["furo", "sphinx (>=7.2)", "sphinx-copybutton"]
bokeh = ["bokeh", "selenium"]
mypy = ["contourpy", "docutils-stubs", "mypy (==1.4.1)", "types-pillow"]
test = ["contourpy", "matplotlib", "pillow"]
test-no-images = ["pytest", "pytest-cov", "wurlitzer"]

[[package]]
name = "coverage"
version = "7.3.2"
description = "Code coverage measurement for Python"
category = "dev"
optional = false
python-versions = ">=3.8"

[package.dependencies]
tomli = {version = "*", optional = true, markers = "python_full_version <= \"3.11.0a6\" and extra == \"toml\""}

[package.extras]
toml = ["tomli"]

[[package]]
name = "cycler"
version = "0.12.1"
description = "Composable style cycles"
category = "dev"
optional = false
python-versions = ">=3.8"

[package.extras]
docs = ["ipython", "matplotlib", "numpydoc", "sphinx"]
tests = ["pytest", "pytest-cov", "pytest-xdist"]

[[package]]
name = "decorator"
version = "5.1.1"
description = "Decorators for Humans"
category = "dev"
optional = false
python-versions = ">=3.5"

[[package]]
name = "deprecation"
version = "2.1.0"
description = "A library to handle automated deprecations"
category = "main"
optional = false
python-versions = "*"

[package.dependencies]
packaging = "*"

[[package]]
name = "distlib"
version = "0.3.7"
description = "Distribution utilities"
category = "dev"
optional = false
python-versions = "*"

[[package]]
name = "django"
version = "3.2.20"
description = "A high-level Python Web framework that encourages rapid development and clean, pragmatic design."
category = "main"
optional = false
python-versions = ">=3.6"

[package.dependencies]
asgiref = ">=3.3.2,<4"
pytz = "*"
sqlparse = ">=0.2.2"

[package.extras]
argon2 = ["argon2-cffi (>=19.1.0)"]
bcrypt = ["bcrypt"]

[[package]]
name = "django-appconf"
version = "1.0.5"
description = "A helper class for handling configuration defaults of packaged apps gracefully."
category = "main"
optional = false
python-versions = ">=3.6"

[package.dependencies]
django = "*"

[[package]]
name = "django-audit-log-middleware"
version = "0.0.4"
description = "Simple audit logging for Django requests"
category = "main"
optional = false
python-versions = ">=3.6"

[package.dependencies]
django = ">=2.2.0"
django-ipware = ">=3.0.2,<3.1.0"

[[package]]
name = "django-basicauth"
version = "0.5.2"
description = "Basic auth utilities for Django."
category = "main"
optional = false
python-versions = "*"

[package.dependencies]
Django = ">=1.11"

[[package]]
name = "django-cache-memoize"
version = "0.2.0"
description = "Django utility for a memoization decorator that uses the Django cache framework."
category = "main"
optional = false
python-versions = ">=3.8"

[package.extras]
dev = ["flake8", "tox", "twine", "therapist", "black"]

[[package]]
name = "django-chunk-upload-handlers"
version = "0.0.11"
description = "Chunking Django file handlers for S3 and ClamAV service uploads"
category = "main"
optional = false
python-versions = ">=3.6"

[package.dependencies]
boto3 = ">=1.17.89"
django = ">=2.2.24"
django-storages = ">=1.11.1"

[[package]]
name = "django-compressor"
version = "4.4"
description = "('Compresses linked and inline JavaScript or CSS into single cached files.',)"
category = "main"
optional = false
python-versions = "*"

[package.dependencies]
django-appconf = ">=1.0.3"
rcssmin = "1.1.1"
rjsmin = "1.2.1"

[[package]]
name = "django-countries"
version = "7.2.1"
description = "Provides a country field for Django models."
category = "main"
optional = false
python-versions = "*"

[package.extras]
dev = ["tox", "black", "django", "pytest", "pytest-django", "djangorestframework", "graphene-django"]
maintainer = ["transifex-client", "zest.releaser", "django"]
pyuca = ["pyuca"]
test = ["pytest", "pytest-django", "pytest-cov", "graphene-django"]

[[package]]
name = "django-csp"
version = "3.7"
description = "Django Content Security Policy support."
category = "main"
optional = false
python-versions = "*"

[package.dependencies]
Django = ">=1.8"

[package.extras]
jinja2 = ["jinja2 (>=2.9.6)"]
tests = ["pytest (<4.0)", "pytest-django", "pytest-flakes (==1.0.1)", "pytest-pep8 (==1.0.6)", "pep8 (==1.4.6)", "mock (==1.0.1)", "six (==1.12.0)", "jinja2 (>=2.9.6)"]

[[package]]
name = "django-environ"
version = "0.4.5"
description = "Django-environ allows you to utilize 12factor inspired environment variables to configure your Django application."
category = "main"
optional = false
python-versions = "*"

[[package]]
name = "django-extensions"
version = "2.2.1"
description = "Extensions for Django"
category = "main"
optional = false
python-versions = "*"

[package.dependencies]
six = ">=1.2"

[[package]]
name = "django-govuk-forms"
version = "0.5"
description = "Django app that creates forms based on Government Digital Services style guide"
category = "main"
optional = false
python-versions = "*"

[package.dependencies]
django = ">=1.11"

[[package]]
name = "django-govuk-template"
version = "0.6"
description = "Django app that builds `template` and `elements` components from the Government Digital Services style guide"
category = "main"
optional = false
python-versions = "*"

[package.dependencies]
django = ">=1.11"

[package.extras]
forms = ["django-govuk-forms"]
scss = ["libsass"]
watch = ["watchdog"]

[[package]]
name = "django-ipware"
version = "3.0.7"
description = "A Django application to retrieve user's IP address"
category = "main"
optional = false
python-versions = ">=2.7, !=3.0.*, !=3.1.*, !=3.2.*, !=3.3.*, !=3.4.*, !=3.5.*"

[[package]]
name = "django-log-formatter-ecs"
version = "0.0.5"
description = "ECS log formatter for Django"
category = "main"
optional = false
python-versions = ">=3.6"

[package.dependencies]
django-ipware = ">=3.0,<4.0"
kubi-ecs-logger = ">=0.1.0,<0.2.0"

[[package]]
name = "django-redis"
version = "5.2.0"
description = "Full featured redis cache backend for Django."
category = "main"
optional = false
python-versions = ">=3.6"

[package.dependencies]
Django = ">=2.2"
redis = ">=3,<4.0.0 || >4.0.0,<4.0.1 || >4.0.1"

[package.extras]
hiredis = ["redis[hiredis] (>=3,!=4.0.0,!=4.0.1)"]

[[package]]
name = "django-sass-processor"
version = "1.3"
description = "SASS processor to compile SCSS files into *.css, while rendering, or offline."
category = "main"
optional = false
python-versions = "*"

[package.extras]
management-command = ["django-compressor (>=2.4)"]

[[package]]
name = "django-storages"
version = "1.11.1"
description = "Support for many storage backends in Django"
category = "main"
optional = false
python-versions = ">=3.5"

[package.dependencies]
Django = ">=2.2"

[package.extras]
azure = ["azure-storage-blob (>=1.3.1,<12.0.0)"]
boto3 = ["boto3 (>=1.4.4)"]
dropbox = ["dropbox (>=7.2.1)"]
google = ["google-cloud-storage (>=1.15.0)"]
libcloud = ["apache-libcloud"]
sftp = ["paramiko"]

[[package]]
name = "django-timezone-field"
version = "4.2.3"
description = "A Django app providing database and form fields for pytz timezone objects."
category = "main"
optional = false
python-versions = ">=3.5"

[package.dependencies]
django = ">=2.2"
pytz = "*"

[package.extras]
rest_framework = ["djangorestframework (>=3.0.0)"]

[[package]]
name = "djangorestframework"
version = "3.14.0"
description = "Web APIs for Django, made easy."
category = "main"
optional = false
python-versions = ">=3.6"

[package.dependencies]
django = ">=3.0"
pytz = "*"

[[package]]
name = "djhtml"
version = "3.0.6"
description = "Django/Jinja template indenter"
category = "dev"
optional = false
python-versions = "*"

[package.extras]
dev = ["nox", "pre-commit"]

[[package]]
name = "dotwiz"
version = "0.4.0"
description = "DotWiz is a blazing fast dict subclass that enables accessing (nested) keys in dot notation."
category = "main"
optional = false
python-versions = "*"

[package.dependencies]
pyheck = "0.1.5"

[[package]]
name = "dpath"
version = "1.4.2"
description = "Filesystem-like pathing and searching for dictionaries"
category = "main"
optional = false
python-versions = "*"

[[package]]
name = "et-xmlfile"
version = "1.1.0"
description = "An implementation of lxml.xmlfile for the standard library"
category = "main"
optional = false
python-versions = ">=3.6"

[[package]]
name = "execnet"
version = "2.0.2"
description = "execnet: rapid multi-Python deployment"
category = "dev"
optional = false
python-versions = ">=3.7"

[package.extras]
testing = ["hatch", "pre-commit", "pytest", "tox"]

[[package]]
name = "executing"
version = "2.0.1"
description = "Get the currently executing AST node of a frame, and other information"
category = "dev"
optional = false
python-versions = ">=3.5"

[package.extras]
tests = ["asttokens (>=2.1.0)", "ipython", "pytest", "coverage", "coverage-enable-subprocess", "littleutils", "rich"]

[[package]]
name = "feed-gov-back"
version = "0.4"
description = "A small framework for API enabled customisable feedback forms"
category = "main"
optional = false
python-versions = "*"

[package.dependencies]
Django = "*"
djangorestframework = "*"
psycopg2-binary = "*"

[[package]]
name = "filelock"
version = "3.13.1"
description = "A platform independent file lock."
category = "dev"
optional = false
python-versions = ">=3.8"

[package.extras]
docs = ["furo (>=2023.9.10)", "sphinx-autodoc-typehints (>=1.24)", "sphinx (>=7.2.6)"]
testing = ["covdefaults (>=2.3)", "coverage (>=7.3.2)", "diff-cover (>=8)", "pytest-cov (>=4.1)", "pytest-mock (>=3.12)", "pytest-timeout (>=2.2)", "pytest (>=7.4.3)"]
typing = ["typing-extensions (>=4.8)"]

[[package]]
name = "fitness-functions"
version = "1.0"
description = ""
category = "dev"
optional = false
python-versions = "*"
develop = false

[package.dependencies]
matplotlib = "*"

[package.source]
type = "git"
url = "https://github.com/uktrade/fitness-functions"
reference = "master"
resolved_reference = "2c180e9c525745840605ef25278e09360d099cc8"

[[package]]
name = "flake8"
version = "5.0.4"
description = "the modular source code checker: pep8 pyflakes and co"
category = "dev"
optional = false
python-versions = ">=3.6.1"

[package.dependencies]
mccabe = ">=0.7.0,<0.8.0"
pycodestyle = ">=2.9.0,<2.10.0"
pyflakes = ">=2.5.0,<2.6.0"

[[package]]
name = "fonttools"
version = "4.44.0"
description = "Tools to manipulate font files"
category = "dev"
optional = false
python-versions = ">=3.8"

[package.extras]
all = ["fs (>=2.2.0,<3)", "lxml (>=4.0,<5)", "zopfli (>=0.1.4)", "lz4 (>=1.7.4.2)", "matplotlib", "sympy", "skia-pathops (>=0.5.0)", "uharfbuzz (>=0.23.0)", "brotlicffi (>=0.8.0)", "scipy", "brotli (>=1.0.1)", "munkres", "unicodedata2 (>=15.1.0)", "xattr"]
graphite = ["lz4 (>=1.7.4.2)"]
interpolatable = ["scipy", "munkres"]
lxml = ["lxml (>=4.0,<5)"]
pathops = ["skia-pathops (>=0.5.0)"]
plot = ["matplotlib"]
repacker = ["uharfbuzz (>=0.23.0)"]
symfont = ["sympy"]
type1 = ["xattr"]
ufo = ["fs (>=2.2.0,<3)"]
unicode = ["unicodedata2 (>=15.1.0)"]
woff = ["zopfli (>=0.1.4)", "brotlicffi (>=0.8.0)", "brotli (>=1.0.1)"]

[[package]]
name = "identify"
version = "2.5.31"
description = "File identification library for Python"
category = "dev"
optional = false
python-versions = ">=3.8"

[package.extras]
license = ["ukkonen"]

[[package]]
name = "idna"
version = "3.4"
description = "Internationalized Domain Names in Applications (IDNA)"
category = "main"
optional = false
python-versions = ">=3.5"

[[package]]
name = "importlib-metadata"
version = "6.8.0"
description = "Read metadata from Python packages"
category = "dev"
optional = false
python-versions = ">=3.8"

[package.dependencies]
zipp = ">=0.5"

[package.extras]
docs = ["sphinx (>=3.5)", "jaraco.packaging (>=9)", "rst.linker (>=1.9)", "furo", "sphinx-lint", "jaraco.tidelift (>=1.4)"]
perf = ["ipython"]
testing = ["pytest (>=6)", "pytest-checkdocs (>=2.4)", "pytest-cov", "pytest-enabler (>=2.2)", "pytest-ruff", "packaging", "pyfakefs", "flufl.flake8", "pytest-perf (>=0.9.2)", "pytest-black (>=0.3.7)", "pytest-mypy (>=0.9.1)", "importlib-resources (>=1.3)"]

[[package]]
name = "importlib-resources"
version = "6.1.1"
description = "Read resources from Python packages"
category = "dev"
optional = false
python-versions = ">=3.8"

[package.dependencies]
zipp = {version = ">=3.1.0", markers = "python_version < \"3.10\""}

[package.extras]
docs = ["sphinx (>=3.5)", "sphinx (<7.2.5)", "jaraco.packaging (>=9.3)", "rst.linker (>=1.9)", "furo", "sphinx-lint", "jaraco.tidelift (>=1.4)"]
testing = ["pytest (>=6)", "pytest-checkdocs (>=2.4)", "pytest-cov", "pytest-enabler (>=2.2)", "pytest-ruff", "zipp (>=3.17)", "pytest-black (>=0.3.7)", "pytest-mypy (>=0.9.1)"]

[[package]]
name = "iniconfig"
version = "2.0.0"
description = "brain-dead simple config-ini parsing"
category = "dev"
optional = false
python-versions = ">=3.7"

[[package]]
name = "ipython"
version = "8.13.0"
description = "IPython: Productive Interactive Computing"
category = "dev"
optional = false
python-versions = ">=3.8"

[package.dependencies]
appnope = {version = "*", markers = "sys_platform == \"darwin\""}
backcall = "*"
colorama = {version = "*", markers = "sys_platform == \"win32\""}
decorator = "*"
jedi = ">=0.16"
matplotlib-inline = "*"
pexpect = {version = ">4.3", markers = "sys_platform != \"win32\""}
pickleshare = "*"
prompt-toolkit = ">=3.0.30,<3.0.37 || >3.0.37,<3.1.0"
pygments = ">=2.4.0"
stack-data = "*"
traitlets = ">=5"
typing-extensions = {version = "*", markers = "python_version < \"3.10\""}

[package.extras]
all = ["black", "ipykernel", "setuptools (>=18.5)", "sphinx (>=1.3)", "sphinx-rtd-theme", "docrepr", "matplotlib", "stack-data", "pytest (<7)", "typing-extensions", "pytest (<7.1)", "pytest-asyncio", "testpath", "nbconvert", "nbformat", "ipywidgets", "notebook", "ipyparallel", "qtconsole", "curio", "matplotlib (!=3.2.0)", "numpy (>=1.21)", "pandas", "trio"]
black = ["black"]
doc = ["ipykernel", "setuptools (>=18.5)", "sphinx (>=1.3)", "sphinx-rtd-theme", "docrepr", "matplotlib", "stack-data", "pytest (<7)", "typing-extensions", "pytest (<7.1)", "pytest-asyncio", "testpath"]
kernel = ["ipykernel"]
nbconvert = ["nbconvert"]
nbformat = ["nbformat"]
notebook = ["ipywidgets", "notebook"]
parallel = ["ipyparallel"]
qtconsole = ["qtconsole"]
test = ["pytest (<7.1)", "pytest-asyncio", "testpath"]
test_extra = ["pytest (<7.1)", "pytest-asyncio", "testpath", "curio", "matplotlib (!=3.2.0)", "nbformat", "numpy (>=1.21)", "pandas", "trio"]

[[package]]
name = "jedi"
version = "0.19.1"
description = "An autocompletion tool for Python that can be used for text editors."
category = "dev"
optional = false
python-versions = ">=3.6"

[package.dependencies]
parso = ">=0.8.3,<0.9.0"

[package.extras]
docs = ["Jinja2 (==2.11.3)", "MarkupSafe (==1.1.1)", "Pygments (==2.8.1)", "alabaster (==0.7.12)", "babel (==2.9.1)", "chardet (==4.0.0)", "commonmark (==0.8.1)", "docutils (==0.17.1)", "future (==0.18.2)", "idna (==2.10)", "imagesize (==1.2.0)", "mock (==1.0.1)", "packaging (==20.9)", "pyparsing (==2.4.7)", "pytz (==2021.1)", "readthedocs-sphinx-ext (==2.1.4)", "recommonmark (==0.5.0)", "requests (==2.25.1)", "six (==1.15.0)", "snowballstemmer (==2.1.0)", "sphinx-rtd-theme (==0.4.3)", "sphinx (==1.8.5)", "sphinxcontrib-serializinghtml (==1.1.4)", "sphinxcontrib-websupport (==1.2.4)", "urllib3 (==1.26.4)"]
qa = ["flake8 (==5.0.4)", "mypy (==0.971)", "types-setuptools (==67.2.0.1)"]
testing = ["django", "attrs", "colorama", "docopt", "pytest (<7.0.0)"]

[[package]]
name = "jmespath"
version = "0.10.0"
description = "JSON Matching Expressions"
category = "main"
optional = false
python-versions = ">=2.6, !=3.0.*, !=3.1.*, !=3.2.*"

[[package]]
name = "kiwisolver"
version = "1.4.5"
description = "A fast implementation of the Cassowary constraint solver"
category = "dev"
optional = false
python-versions = ">=3.7"

[[package]]
name = "kubi-ecs-logger"
version = "0.1.2"
description = "Logger based on Elasticsearch Common Schema."
category = "main"
optional = false
python-versions = ">=3.6, <4"

[package.dependencies]
marshmallow = "3.19.0"

[[package]]
name = "libsass"
version = "0.22.0"
description = "Sass for Python: A straightforward binding of libsass for Python."
category = "main"
optional = false
python-versions = ">=3.6"

[[package]]
name = "lxml"
version = "4.9.3"
description = "Powerful and Pythonic XML processing library combining libxml2/libxslt with the ElementTree API."
category = "main"
optional = false
python-versions = ">=2.7, !=3.0.*, !=3.1.*, !=3.2.*, !=3.3.*, != 3.4.*"

[package.extras]
cssselect = ["cssselect (>=0.7)"]
html5 = ["html5lib"]
htmlsoup = ["beautifulsoup4"]
source = ["Cython (>=0.29.35)"]

[[package]]
name = "markupsafe"
version = "2.1.3"
description = "Safely add untrusted strings to HTML/XML markup."
category = "main"
optional = false
python-versions = ">=3.7"

[[package]]
name = "marshmallow"
version = "3.19.0"
description = "A lightweight library for converting complex datatypes to and from native Python datatypes."
category = "main"
optional = false
python-versions = ">=3.7"

[package.dependencies]
packaging = ">=17.0"

[package.extras]
dev = ["pytest", "pytz", "simplejson", "mypy (==0.990)", "flake8 (==5.0.4)", "flake8-bugbear (==22.10.25)", "pre-commit (>=2.4,<3.0)", "tox"]
docs = ["sphinx (==5.3.0)", "sphinx-issues (==3.0.1)", "alabaster (==0.7.12)", "sphinx-version-warning (==1.1.2)", "autodocsumm (==0.2.9)"]
lint = ["mypy (==0.990)", "flake8 (==5.0.4)", "flake8-bugbear (==22.10.25)", "pre-commit (>=2.4,<3.0)"]
tests = ["pytest", "pytz", "simplejson"]

[[package]]
name = "matplotlib"
version = "3.7.3"
description = "Python plotting package"
category = "dev"
optional = false
python-versions = ">=3.8"

[package.dependencies]
contourpy = ">=1.0.1"
cycler = ">=0.10"
fonttools = ">=4.22.0"
importlib-resources = {version = ">=3.2.0", markers = "python_version < \"3.10\""}
kiwisolver = ">=1.0.1"
numpy = ">=1.20,<2"
packaging = ">=20.0"
pillow = ">=6.2.0"
pyparsing = ">=2.3.1"
python-dateutil = ">=2.7"
setuptools_scm = ">=7"

[[package]]
name = "matplotlib-inline"
version = "0.1.6"
description = "Inline Matplotlib backend for Jupyter"
category = "dev"
optional = false
python-versions = ">=3.5"

[package.dependencies]
traitlets = "*"

[[package]]
name = "mccabe"
version = "0.7.0"
description = "McCabe checker, plugin for flake8"
category = "dev"
optional = false
python-versions = ">=3.6"

[[package]]
name = "mypy-extensions"
version = "1.0.0"
description = "Type system extensions for programs checked with the mypy type checker."
category = "dev"
optional = false
python-versions = ">=3.5"

[[package]]
name = "nodeenv"
version = "1.8.0"
description = "Node.js virtual environment builder"
category = "dev"
optional = false
python-versions = ">=2.7,!=3.0.*,!=3.1.*,!=3.2.*,!=3.3.*,!=3.4.*,!=3.5.*,!=3.6.*"

[[package]]
name = "numpy"
version = "1.24.4"
description = "Fundamental package for array computing in Python"
category = "dev"
optional = false
python-versions = ">=3.8"

[[package]]
name = "openpyxl"
version = "3.1.2"
description = "A Python library to read/write Excel 2010 xlsx/xlsm files"
category = "main"
optional = false
python-versions = ">=3.6"

[package.dependencies]
et-xmlfile = "*"

[[package]]
name = "packaging"
version = "23.2"
description = "Core utilities for Python packages"
category = "main"
optional = false
python-versions = ">=3.7"

[[package]]
name = "parse"
version = "1.19.1"
description = "parse() is the opposite of format()"
category = "dev"
optional = false
python-versions = "*"

[[package]]
name = "parse-type"
version = "0.6.2"
description = "Simplifies to build parse types based on the parse module"
category = "dev"
optional = false
python-versions = ">=2.7, !=3.0.*, !=3.1.*"

[package.dependencies]
parse = {version = ">=1.18.0", markers = "python_version >= \"3.0\""}
six = ">=1.15"

[package.extras]
develop = ["build (>=0.5.1)", "twine (>=1.13.0)", "coverage (>=4.4)", "pytest-html (>=1.19.0)", "pytest-cov", "tox (>=2.8,<4.0)", "pylint", "pytest (<5.0)", "virtualenv (<20.22.0)", "virtualenv (>=20.0.0)", "pytest (>=5.0)", "ruff"]
docs = ["Sphinx (>=1.6)", "sphinx-bootstrap-theme (>=0.6.0)"]
testing = ["pytest-html (>=1.19.0)", "pytest (<5.0)", "pytest (>=5.0)"]

[[package]]
name = "parso"
version = "0.8.3"
description = "A Python Parser"
category = "dev"
optional = false
python-versions = ">=3.6"

[package.extras]
qa = ["flake8 (==3.8.3)", "mypy (==0.782)"]
testing = ["docopt", "pytest (<6.0.0)"]

[[package]]
name = "pathspec"
version = "0.11.2"
description = "Utility library for gitignore style pattern matching of file paths."
category = "dev"
optional = false
python-versions = ">=3.7"

[[package]]
name = "pexpect"
version = "4.8.0"
description = "Pexpect allows easy control of interactive console applications."
category = "dev"
optional = false
python-versions = "*"

[package.dependencies]
ptyprocess = ">=0.5"

[[package]]
name = "phonenumbers"
version = "8.13.24"
description = "Python version of Google's common library for parsing, formatting, storing and validating international phone numbers."
category = "main"
optional = false
python-versions = "*"

[[package]]
name = "pickleshare"
version = "0.7.5"
description = "Tiny 'shelve'-like database with concurrency support"
category = "dev"
optional = false
python-versions = "*"

[[package]]
name = "pikepdf"
version = "8.6.0"
description = "Read and write PDFs with Python, powered by qpdf"
category = "main"
optional = false
python-versions = ">=3.8"

[package.dependencies]
deprecation = "*"
lxml = ">=4.8"
packaging = "*"
Pillow = ">=10.0.1"

[package.extras]
dev = ["pre-commit", "typer"]
docs = ["gitpython", "pygithub", "Sphinx (>=3)", "ipython", "matplotlib", "pybind11", "requests", "sphinx-design", "sphinx-issues", "sphinx-rtd-theme", "tomli"]
mypy = ["lxml-stubs", "types-pillow", "types-requests", "types-setuptools"]
test = ["attrs (>=20.2.0)", "coverage", "hypothesis (>=6.36)", "numpy (>=1.21.0)", "pybind11", "pytest (>=6.2.5)", "pytest-cov (>=3.0.0)", "pytest-timeout (>=2.1.0)", "pytest-xdist (>=2.5.0)", "python-dateutil (>=2.8.1)", "psutil (>=5.9)", "python-xmp-toolkit (>=2.0.1)", "tomli"]

[[package]]
name = "pillow"
version = "10.1.0"
description = "Python Imaging Library (Fork)"
category = "main"
optional = false
python-versions = ">=3.8"

[package.extras]
docs = ["furo", "olefile", "sphinx (>=2.4)", "sphinx-copybutton", "sphinx-inline-tabs", "sphinx-removed-in", "sphinxext-opengraph"]
tests = ["check-manifest", "coverage", "defusedxml", "markdown2", "olefile", "packaging", "pyroma", "pytest", "pytest-cov", "pytest-timeout"]

[[package]]
name = "pip-tools"
version = "6.14.0"
description = "pip-tools keeps your pinned dependencies fresh."
category = "dev"
optional = false
python-versions = ">=3.7"

[package.dependencies]
build = "*"
click = ">=8"
tomli = {version = "*", markers = "python_version < \"3.11\""}

[package.extras]
coverage = ["covdefaults", "pytest-cov"]
testing = ["pytest (>=7.2.0)", "pytest-rerunfailures", "pytest-xdist", "tomli-w", "flit-core (>=2,<4)", "poetry-core (>=1.0.0)"]

[[package]]
name = "platformdirs"
version = "3.11.0"
description = "A small Python package for determining appropriate platform-specific dirs, e.g. a \"user data dir\"."
category = "dev"
optional = false
python-versions = ">=3.7"

[package.extras]
docs = ["furo (>=2023.7.26)", "proselint (>=0.13)", "sphinx-autodoc-typehints (>=1.24)", "sphinx (>=7.1.1)"]
test = ["appdirs (==1.4.4)", "covdefaults (>=2.3)", "pytest-cov (>=4.1)", "pytest-mock (>=3.11.1)", "pytest (>=7.4)"]

[[package]]
name = "pluggy"
version = "1.3.0"
description = "plugin and hook calling mechanisms for python"
category = "dev"
optional = false
python-versions = ">=3.8"

[package.extras]
dev = ["pre-commit", "tox"]
testing = ["pytest", "pytest-benchmark"]

[[package]]
name = "pre_commit"
version = "3.2.2"
description = ""
category = "dev"
optional = false
python-versions = ">=3.8"
develop = false

[package.dependencies]
cfgv = ">=2.0.0"
identify = ">=1.0.0"
nodeenv = ">=0.11.1"
pyyaml = ">=5.1"
virtualenv = ">=20.10.0"

[package.source]
type = "git"
url = "https://github.com/uktrade/modification-pre-commit"
reference = "main"
resolved_reference = "8e29ed4e9bf12ede76d1998a3ed83114e5734dc9"

[[package]]
name = "prompt-toolkit"
version = "3.0.39"
description = "Library for building powerful interactive command lines in Python"
category = "dev"
optional = false
python-versions = ">=3.7.0"

[package.dependencies]
wcwidth = "*"

[[package]]
name = "psycopg2-binary"
version = "2.9.9"
description = "psycopg2 - Python-PostgreSQL Database Adapter"
category = "main"
optional = false
python-versions = ">=3.7"

[[package]]
name = "ptyprocess"
version = "0.7.0"
description = "Run a subprocess in a pseudo terminal"
category = "dev"
optional = false
python-versions = "*"

[[package]]
name = "pure-eval"
version = "0.2.2"
description = "Safely evaluate AST nodes without side effects"
category = "dev"
optional = false
python-versions = "*"

[package.extras]
tests = ["pytest"]

[[package]]
name = "py"
version = "1.11.0"
description = "library with cross-python path, ini-parsing, io, code, log facilities"
category = "main"
optional = false
python-versions = ">=2.7, !=3.0.*, !=3.1.*, !=3.2.*, !=3.3.*, !=3.4.*"

[[package]]
name = "pycodestyle"
version = "2.9.1"
description = "Python style guide checker"
category = "dev"
optional = false
python-versions = ">=3.6"

[[package]]
name = "pyflakes"
version = "2.5.0"
description = "passive checker of Python programs"
category = "dev"
optional = false
python-versions = ">=3.6"

[[package]]
name = "pygments"
version = "2.16.1"
description = "Pygments is a syntax highlighting package written in Python."
category = "dev"
optional = false
python-versions = ">=3.7"

[package.extras]
plugins = ["importlib-metadata"]

[[package]]
name = "pyheck"
version = "0.1.5"
description = "Python bindings for heck, the Rust case conversion library"
category = "main"
optional = false
python-versions = ">=3.7"

[[package]]
name = "pyparsing"
version = "3.1.1"
description = "pyparsing module - Classes and methods to define and execute parsing grammars"
category = "dev"
optional = false
python-versions = ">=3.6.8"

[package.extras]
diagrams = ["railroad-diagrams", "jinja2"]

[[package]]
name = "pyproject-flake8"
version = "5.0.4.post1"
description = "pyproject-flake8 (`pflake8`), a monkey patching wrapper to connect flake8 with pyproject.toml configuration"
category = "dev"
optional = false
python-versions = "*"

[package.dependencies]
flake8 = "5.0.4"
tomli = {version = "*", markers = "python_version < \"3.11\""}

[[package]]
name = "pyproject-hooks"
version = "1.0.0"
description = "Wrappers to call pyproject.toml-based build backend hooks."
category = "dev"
optional = false
python-versions = ">=3.7"

[package.dependencies]
tomli = {version = ">=1.1.0", markers = "python_version < \"3.11\""}

[[package]]
name = "pytest"
version = "6.2.5"
description = "pytest: simple powerful testing with Python"
category = "dev"
optional = false
python-versions = ">=3.6"

[package.dependencies]
atomicwrites = {version = ">=1.0", markers = "sys_platform == \"win32\""}
attrs = ">=19.2.0"
colorama = {version = "*", markers = "sys_platform == \"win32\""}
iniconfig = "*"
packaging = "*"
pluggy = ">=0.12,<2.0"
py = ">=1.8.2"
toml = "*"

[package.extras]
testing = ["argcomplete", "hypothesis (>=3.56)", "mock", "nose", "requests", "xmlschema"]

[[package]]
name = "pytest-cov"
version = "4.1.0"
description = "Pytest plugin for measuring coverage."
category = "dev"
optional = false
python-versions = ">=3.7"

[package.dependencies]
coverage = {version = ">=5.2.1", extras = ["toml"]}
pytest = ">=4.6"

[package.extras]
testing = ["fields", "hunter", "process-tests", "six", "pytest-xdist", "virtualenv"]

[[package]]
name = "pytest-django"
version = "4.5.2"
description = "A Django plugin for pytest."
category = "dev"
optional = false
python-versions = ">=3.5"

[package.dependencies]
pytest = ">=5.4.0"

[package.extras]
docs = ["sphinx", "sphinx-rtd-theme"]
testing = ["django", "django-configurations (>=2.0)"]

[[package]]
name = "pytest-pythonpath"
version = "0.7.4"
description = "pytest plugin for adding to the PYTHONPATH from command line or configs."
category = "dev"
optional = false
python-versions = ">=2.6, <4"

[package.dependencies]
pytest = ">=2.5.2,<7"

[[package]]
name = "pytest-xdist"
version = "3.3.1"
description = "pytest xdist plugin for distributed testing, most importantly across multiple CPUs"
category = "dev"
optional = false
python-versions = ">=3.7"

[package.dependencies]
execnet = ">=1.1"
pytest = ">=6.2.0"

[package.extras]
psutil = ["psutil (>=3.0)"]
setproctitle = ["setproctitle"]
testing = ["filelock"]

[[package]]
name = "python-dateutil"
version = "2.8.2"
description = "Extensions to the standard Python datetime module"
category = "main"
optional = false
python-versions = "!=3.0.*,!=3.1.*,!=3.2.*,>=2.7"

[package.dependencies]
six = ">=1.5"

[[package]]
name = "pytz"
version = "2023.3.post1"
description = "World timezone definitions, modern and historical"
category = "main"
optional = false
python-versions = "*"

[[package]]
name = "pyyaml"
version = "6.0.1"
description = "YAML parser and emitter for Python"
category = "dev"
optional = false
python-versions = ">=3.6"

[[package]]
name = "rcssmin"
version = "1.1.1"
description = "CSS Minifier"
category = "main"
optional = false
python-versions = "*"

[[package]]
name = "redis"
version = "4.4.4"
description = "Python client for Redis database and key-value store"
category = "main"
optional = false
python-versions = ">=3.7"

[package.dependencies]
async-timeout = ">=4.0.2"

[package.extras]
hiredis = ["hiredis (>=1.0.0)"]
ocsp = ["cryptography (>=36.0.1)", "pyopenssl (==20.0.1)", "requests (>=2.26.0)"]

[[package]]
name = "requests"
version = "2.31.0"
description = "Python HTTP for Humans."
category = "main"
optional = false
python-versions = ">=3.7"

[package.dependencies]
certifi = ">=2017.4.17"
charset-normalizer = ">=2,<4"
idna = ">=2.5,<4"
urllib3 = ">=1.21.1,<3"

[package.extras]
socks = ["PySocks (>=1.5.6,!=1.5.7)"]
use_chardet_on_py3 = ["chardet (>=3.0.2,<6)"]

[[package]]
name = "rjsmin"
version = "1.2.1"
description = "Javascript Minifier"
category = "main"
optional = false
python-versions = "*"

[[package]]
name = "s3transfer"
version = "0.4.2"
description = "An Amazon S3 Transfer Manager"
category = "main"
optional = false
python-versions = "*"

[package.dependencies]
botocore = ">=1.12.36,<2.0a.0"

[package.extras]
crt = ["botocore[crt] (>=1.20.29,<2.0a.0)"]

[[package]]
name = "selenium"
version = "3.141.0"
description = "Python bindings for Selenium"
category = "dev"
optional = false
python-versions = "*"

[package.dependencies]
urllib3 = "*"

[[package]]
name = "sentry-sdk"
version = "1.14.0"
description = "Python client for Sentry (https://sentry.io)"
category = "main"
optional = false
python-versions = "*"

[package.dependencies]
certifi = "*"
urllib3 = {version = ">=1.26.11", markers = "python_version >= \"3.6\""}

[package.extras]
aiohttp = ["aiohttp (>=3.5)"]
beam = ["apache-beam (>=2.12)"]
bottle = ["bottle (>=0.12.13)"]
celery = ["celery (>=3)"]
chalice = ["chalice (>=1.16.0)"]
django = ["django (>=1.8)"]
falcon = ["falcon (>=1.4)"]
fastapi = ["fastapi (>=0.79.0)"]
flask = ["flask (>=0.11)", "blinker (>=1.1)"]
httpx = ["httpx (>=0.16.0)"]
opentelemetry = ["opentelemetry-distro (>=0.35b0)"]
pure_eval = ["pure-eval", "executing", "asttokens"]
pymongo = ["pymongo (>=3.1)"]
pyspark = ["pyspark (>=2.4.4)"]
quart = ["quart (>=0.16.1)", "blinker (>=1.1)"]
rq = ["rq (>=0.6)"]
sanic = ["sanic (>=0.8)"]
sqlalchemy = ["sqlalchemy (>=1.2)"]
starlette = ["starlette (>=0.19.1)"]
starlite = ["starlite (>=1.48)"]
tornado = ["tornado (>=5)"]

[[package]]
name = "setuptools-scm"
version = "8.0.4"
description = "the blessed package to manage your versions by scm tags"
category = "dev"
optional = false
python-versions = ">=3.8"

[package.dependencies]
packaging = ">=20"
tomli = {version = ">=1", markers = "python_version < \"3.11\""}
typing-extensions = "*"

[package.extras]
docs = ["entangled-cli", "mkdocs", "mkdocs-entangled-plugin", "mkdocs-material", "mkdocstrings", "pygments"]
rich = ["rich"]
test = ["build", "pytest", "rich", "wheel"]

[[package]]
name = "six"
version = "1.16.0"
description = "Python 2 and 3 compatibility utilities"
category = "main"
optional = false
python-versions = ">=2.7, !=3.0.*, !=3.1.*, !=3.2.*"

[[package]]
name = "soupsieve"
version = "2.5"
description = "A modern CSS selector implementation for Beautiful Soup."
category = "dev"
optional = false
python-versions = ">=3.8"

[[package]]
name = "sqlparse"
version = "0.4.4"
description = "A non-validating SQL parser."
category = "main"
optional = false
python-versions = ">=3.5"

[package.extras]
dev = ["flake8", "build"]
doc = ["sphinx"]
test = ["pytest", "pytest-cov"]

[[package]]
name = "stack-data"
version = "0.6.3"
description = "Extract data from python stack frames and tracebacks for informative displays"
category = "dev"
optional = false
python-versions = "*"

[package.dependencies]
asttokens = ">=2.1.0"
executing = ">=1.2.0"
pure-eval = "*"

[package.extras]
tests = ["pytest", "typeguard", "pygments", "littleutils", "cython"]

[[package]]
name = "tenacity"
version = "8.2.3"
description = "Retry code until it succeeds"
category = "main"
optional = false
python-versions = ">=3.7"

[package.extras]
doc = ["reno", "sphinx", "tornado (>=4.5)"]

[[package]]
name = "toml"
version = "0.10.2"
description = "Python Library for Tom's Obvious, Minimal Language"
category = "dev"
optional = false
python-versions = ">=2.6, !=3.0.*, !=3.1.*, !=3.2.*"

[[package]]
name = "tomli"
version = "2.0.1"
description = "A lil' TOML parser"
category = "dev"
optional = false
python-versions = ">=3.7"

[[package]]
name = "trade-remedies-client"
version = "0.1"
description = "An API client for the Trade Remedies API"
category = "main"
optional = false
python-versions = "*"
develop = false

[package.dependencies]
Django = "*"
django-cache-memoize = "*"
requests = "*"

[package.source]
type = "git"
url = "https://github.com/uktrade/trade-remedies-client.git"
reference = "master"
resolved_reference = "91fec98858ae507fa3e81592ddff3a6de4a1cde7"

[[package]]
name = "traitlets"
version = "5.13.0"
description = "Traitlets Python configuration system"
category = "dev"
optional = false
python-versions = ">=3.8"

[package.extras]
docs = ["myst-parser", "pydata-sphinx-theme", "sphinx"]
test = ["argcomplete (>=3.0.3)", "mypy (>=1.6.0)", "pre-commit", "pytest-mock", "pytest-mypy-testing", "pytest (>=7.0,<7.5)"]

[[package]]
name = "typing-extensions"
version = "4.8.0"
description = "Backported and Experimental Type Hints for Python 3.8+"
category = "main"
optional = false
python-versions = ">=3.8"

[[package]]
name = "urllib3"
version = "1.26.18"
description = "HTTP library with thread-safe connection pooling, file post, and more."
category = "main"
optional = false
python-versions = ">=2.7, !=3.0.*, !=3.1.*, !=3.2.*, !=3.3.*, !=3.4.*, !=3.5.*"

[package.extras]
brotli = ["brotlicffi (>=0.8.0)", "brotli (==1.0.9)", "brotlipy (>=0.6.0)", "brotli (>=1.0.9)"]
secure = ["pyOpenSSL (>=0.14)", "cryptography (>=1.3.4)", "idna (>=2.0.0)", "certifi", "urllib3-secure-extra", "ipaddress"]
socks = ["PySocks (>=1.5.6,!=1.5.7,<2.0)"]

[[package]]
name = "v2-api-client"
version = "0.0.0"
description = "An API client for V2 of the Trade Remedies API"
category = "main"
optional = false
python-versions = "*"
develop = false

[package.dependencies]
api-client = "*"
django = "*"
django-cache-memoize = "*"
django-log-formatter-ecs = "*"
dotwiz = "*"
lxml = "*"
openpyxl = "*"
phonenumbers = "*"
pikepdf = "*"
python-dateutil = "*"
requests = "*"

[package.source]
type = "git"
url = "https://github.com/uktrade/trs_v2_api_client.git"
reference = "master"
resolved_reference = "62379af5e9b40c7010634b444d89fa403ced717e"

[[package]]
name = "virtualenv"
version = "20.24.6"
description = "Virtual Python Environment builder"
category = "dev"
optional = false
python-versions = ">=3.7"

[package.dependencies]
distlib = ">=0.3.7,<1"
filelock = ">=3.12.2,<4"
platformdirs = ">=3.9.1,<4"

[package.extras]
docs = ["furo (>=2023.7.26)", "proselint (>=0.13)", "sphinx-argparse (>=0.4)", "sphinx (>=7.1.2)", "sphinxcontrib-towncrier (>=0.2.1a0)", "towncrier (>=23.6)"]
test = ["covdefaults (>=2.3)", "coverage-enable-subprocess (>=1)", "coverage (>=7.2.7)", "flaky (>=3.7)", "packaging (>=23.1)", "pytest-env (>=0.8.2)", "pytest-freezer (>=0.4.8)", "pytest-mock (>=3.11.1)", "pytest-randomly (>=3.12)", "pytest-timeout (>=2.1)", "pytest (>=7.4)", "setuptools (>=68)", "time-machine (>=2.10)"]

[[package]]
name = "wcwidth"
version = "0.2.9"
description = "Measures the displayed width of unicode strings in a terminal"
category = "dev"
optional = false
python-versions = "*"

[[package]]
name = "werkzeug"
version = "2.3.8"
description = "The comprehensive WSGI web application library."
category = "main"
optional = false
python-versions = ">=3.8"

[package.dependencies]
MarkupSafe = ">=2.1.1"

[package.extras]
watchdog = ["watchdog (>=2.3)"]

[[package]]
name = "whitenoise"
version = "5.3.0"
description = "Radically simplified static file serving for WSGI applications"
category = "main"
optional = false
python-versions = ">=3.5, <4"

[package.extras]
brotli = ["brotli"]

[[package]]
name = "zipp"
version = "3.17.0"
description = "Backport of pathlib-compatible object wrapper for zip files"
category = "dev"
optional = false
python-versions = ">=3.8"

[package.extras]
docs = ["sphinx (>=3.5)", "sphinx (<7.2.5)", "jaraco.packaging (>=9.3)", "rst.linker (>=1.9)", "furo", "sphinx-lint", "jaraco.tidelift (>=1.4)"]
testing = ["pytest (>=6)", "pytest-checkdocs (>=2.4)", "pytest-cov", "pytest-enabler (>=2.2)", "pytest-ruff", "jaraco.itertools", "jaraco.functools", "more-itertools", "big-o", "pytest-ignore-flaky", "pytest-black (>=0.3.7)", "pytest-mypy (>=0.9.1)"]

[metadata]
lock-version = "1.1"
python-versions = "^3.8"
content-hash = "82d878886c23d4f2764420c2e47b8b99880b008722cad98181dc3a29aa034b6c"

[metadata.files]
api-client = []
appnope = []
asgiref = []
asttokens = []
async-timeout = []
atomicwrites = []
attrs = []
backcall = []
beautifulsoup4 = []
behave = []
behave-django = []
black = []
boto3 = []
botocore = []
build = []
certifi = []
cfgv = []
charset-normalizer = []
click = []
codecov = []
colorama = []
contourpy = []
coverage = []
cycler = []
decorator = []
deprecation = []
distlib = []
django = []
django-appconf = []
django-audit-log-middleware = []
django-basicauth = []
django-cache-memoize = []
django-chunk-upload-handlers = []
django-compressor = []
django-countries = []
django-csp = []
django-environ = []
django-extensions = []
django-govuk-forms = []
django-govuk-template = []
django-ipware = []
django-log-formatter-ecs = []
django-redis = []
django-sass-processor = []
django-storages = []
django-timezone-field = []
djangorestframework = []
djhtml = []
dotwiz = []
dpath = []
et-xmlfile = []
execnet = []
executing = []
feed-gov-back = []
filelock = []
fitness-functions = []
flake8 = []
fonttools = []
identify = []
idna = []
importlib-metadata = []
importlib-resources = []
iniconfig = []
ipython = []
jedi = []
jmespath = []
kiwisolver = []
kubi-ecs-logger = []
libsass = []
lxml = []
markupsafe = []
marshmallow = []
matplotlib = []
matplotlib-inline = []
mccabe = []
mypy-extensions = []
nodeenv = []
numpy = []
openpyxl = []
packaging = []
parse = []
parse-type = []
parso = []
pathspec = []
pexpect = []
phonenumbers = []
pickleshare = []
pikepdf = []
pillow = []
pip-tools = []
platformdirs = []
pluggy = []
pre_commit = []
prompt-toolkit = []
psycopg2-binary = []
ptyprocess = []
pure-eval = []
py = []
pycodestyle = []
pyflakes = []
pygments = []
pyheck = []
pyparsing = []
pyproject-flake8 = []
pyproject-hooks = []
pytest = []
pytest-cov = []
pytest-django = []
pytest-pythonpath = []
pytest-xdist = []
python-dateutil = []
pytz = []
pyyaml = []
rcssmin = []
redis = []
requests = []
rjsmin = []
s3transfer = []
selenium = []
sentry-sdk = []
setuptools-scm = []
six = []
soupsieve = []
sqlparse = []
stack-data = []
tenacity = []
toml = []
tomli = []
trade-remedies-client = []
traitlets = []
typing-extensions = []
urllib3 = []
v2-api-client = []
virtualenv = []
wcwidth = []
werkzeug = []
whitenoise = []
zipp = []
